go.kuoruan.net/v8go-polyfills v0.5.0 h1:wd2WxsFIXWK/FcrpITw6BOo8Rn24xMmd4qoHofgg8hc=
go.kuoruan.net/v8go-polyfills v0.5.0/go.mod h1:egHzK8RIHR7dPOYzhnRsomClFTVmYCtvhTWqec4JXaY=
rogchap.com/v8go v0.7.0 h1:kgjbiO4zE5itA962ze6Hqmbs4HgZbGzmueCXsZtremg=
rogchap.com/v8go v0.7.0/go.mod h1:MxgP3pL2MW4dpme/72QRs8sgNMmM0pRc8DPhcuLWPAs=
